
Microsoft Visual Studio Solution File, Format Version 12.00
Project("{FAE04EC0-301F-11D3-BF4B-00C04F79EFBC}") = "JavaResolver", "JavaResolver\JavaResolver.csproj", "{08D550A9-6173-478B-99EB-281EA5806D4B}"
EndProject
Project("{FAE04EC0-301F-11D3-BF4B-00C04F79EFBC}") = "JavaResolver.Sample", "JavaResolver.Sample\JavaResolver.Sample.csproj", "{C6E25E4D-E872-45FA-BE6B-FABFF6A8B43C}"
EndProject
Global
	GlobalSection(SolutionConfigurationPlatforms) = preSolution
		Debug|Any CPU = Debug|Any CPU
		Release|Any CPU = Release|Any CPU
	EndGlobalSection
	GlobalSection(ProjectConfigurationPlatforms) = postSolution
		{08D550A9-6173-478B-99EB-281EA5806D4B}.Debug|Any CPU.ActiveCfg = Debug|Any CPU
		{08D550A9-6173-478B-99EB-281EA5806D4B}.Debug|Any CPU.Build.0 = Debug|Any CPU
		{08D550A9-6173-478B-99EB-281EA5806D4B}.Release|Any CPU.ActiveCfg = Release|Any CPU
		{08D550A9-6173-478B-99EB-281EA5806D4B}.Release|Any CPU.Build.0 = Release|Any CPU
		{C6E25E4D-E872-45FA-BE6B-FABFF6A8B43C}.Debug|Any CPU.ActiveCfg = Debug|Any CPU
		{C6E25E4D-E872-45FA-BE6B-FABFF6A8B43C}.Debug|Any CPU.Build.0 = Debug|Any CPU
		{C6E25E4D-E872-45FA-BE6B-FABFF6A8B43C}.Release|Any CPU.ActiveCfg = Release|Any CPU
		{C6E25E4D-E872-45FA-BE6B-FABFF6A8B43C}.Release|Any CPU.Build.0 = Release|Any CPU
	EndGlobalSection
EndGlobal
